// !$*UTF8*$!
{
	archiveVersion = 1;
	classes = {
	};
	objectVersion = 56;
	objects = {

/* Begin PBXBuildFile section */
		12F6F9A8295446C60041153E /* AppDelegate.m in Sources */ = {isa = PBXBuildFile; fileRef = 12F6F9A7295446C60041153E /* AppDelegate.m */; };
		12F6F9AE295446C60041153E /* ViewController.m in Sources */ = {isa = PBXBuildFile; fileRef = 12F6F9AD295446C60041153E /* ViewController.m */; };
		12F6F9B1295446C70041153E /* Main.storyboard in Resources */ = {isa = PBXBuildFile; fileRef = 12F6F9AF295446C70041153E /* Main.storyboard */; };
		12F6F9B3295446C90041153E /* Assets.xcassets in Resources */ = {isa = PBXBuildFile; fileRef = 12F6F9B2295446C90041153E /* Assets.xcassets */; };
		12F6F9B6295446C90041153E /* LaunchScreen.storyboard in Resources */ = {isa = PBXBuildFile; fileRef = 12F6F9B4295446C90041153E /* LaunchScreen.storyboard */; };
		12F6F9B9295446C90041153E /* main.m in Sources */ = {isa = PBXBuildFile; fileRef = 12F6F9B8295446C90041153E /* main.m */; };
		12F6F9C3295446C90041153E /* AVPlayerDemoTests.m in Sources */ = {isa = PBXBuildFile; fileRef = 12F6F9C2295446C90041153E /* AVPlayerDemoTests.m */; };
		12F6F9CD295446C90041153E /* AVPlayerDemoUITests.m in Sources */ = {isa = PBXBuildFile; fileRef = 12F6F9CC295446C90041153E /* AVPlayerDemoUITests.m */; };
		12F6F9CF295446C90041153E /* AVPlayerDemoUITestsLaunchTests.m in Sources */ = {isa = PBXBuildFile; fileRef = 12F6F9CE295446C90041153E /* AVPlayerDemoUITestsLaunchTests.m */; };
		12F6F9DD295446FC0041153E /* AVPlayerViewController.m in Sources */ = {isa = PBXBuildFile; fileRef = 12F6F9DC295446FC0041153E /* AVPlayerViewController.m */; };
		12F6F9E029544C4E0041153E /* XSVideoView.m in Sources */ = {isa = PBXBuildFile; fileRef = 12F6F9DE29544C4E0041153E /* XSVideoView.m */; };
		12F6F9FB29544E910041153E /* NSLayoutConstraint+MASDebugAdditions.m in Sources */ = {isa = PBXBuildFile; fileRef = 12F6F9E329544E910041153E /* NSLayoutConstraint+MASDebugAdditions.m */; };
		12F6F9FC29544E910041153E /* ViewController+MASAdditions.m in Sources */ = {isa = PBXBuildFile; fileRef = 12F6F9EC29544E910041153E /* ViewController+MASAdditions.m */; };
		12F6F9FD29544E910041153E /* MASCompositeConstraint.m in Sources */ = {isa = PBXBuildFile; fileRef = 12F6F9F029544E910041153E /* MASCompositeConstraint.m */; };
		12F6F9FE29544E910041153E /* MASConstraintMaker.m in Sources */ = {isa = PBXBuildFile; fileRef = 12F6F9F129544E910041153E /* MASConstraintMaker.m */; };
		12F6F9FF29544E910041153E /* MASLayoutConstraint.m in Sources */ = {isa = PBXBuildFile; fileRef = 12F6F9F229544E910041153E /* MASLayoutConstraint.m */; };
		12F6FA0029544E910041153E /* NSArray+MASAdditions.m in Sources */ = {isa = PBXBuildFile; fileRef = 12F6F9F329544E910041153E /* NSArray+MASAdditions.m */; };
		12F6FA0129544E910041153E /* View+MASAdditions.m in Sources */ = {isa = PBXBuildFile; fileRef = 12F6F9F429544E910041153E /* View+MASAdditions.m */; };
		12F6FA0229544E910041153E /* MASConstraint.m in Sources */ = {isa = PBXBuildFile; fileRef = 12F6F9F729544E910041153E /* MASConstraint.m */; };
		12F6FA0329544E910041153E /* MASViewConstraint.m in Sources */ = {isa = PBXBuildFile; fileRef = 12F6F9F929544E910041153E /* MASViewConstraint.m */; };
		12F6FA0429544E910041153E /* MASViewAttribute.m in Sources */ = {isa = PBXBuildFile; fileRef = 12F6F9FA29544E910041153E /* MASViewAttribute.m */; };
		12F6FA0729545C260041153E /* PlayerDemoViewController.m in Sources */ = {isa = PBXBuildFile; fileRef = 12F6FA0629545C260041153E /* PlayerDemoViewController.m */; };
		12F6FA09295544890041153E /* chenyifaer.mp4 in Resources */ = {isa = PBXBuildFile; fileRef = 12F6FA08295544890041153E /* chenyifaer.mp4 */; };
		12F6FA0C295544F50041153E /* AudioViewController.m in Sources */ = {isa = PBXBuildFile; fileRef = 12F6FA0B295544F50041153E /* AudioViewController.m */; };
		12F6FA0F295547650041153E /* fm0.mp3 in Resources */ = {isa = PBXBuildFile; fileRef = 12F6FA0D295547650041153E /* fm0.mp3 */; };
		12F6FA10295547650041153E /* fm1.caf in Resources */ = {isa = PBXBuildFile; fileRef = 12F6FA0E295547650041153E /* fm1.caf */; };
		12F6FA12295561820041153E /* Ice.mp3 in Resources */ = {isa = PBXBuildFile; fileRef = 12F6FA11295561820041153E /* Ice.mp3 */; };
/* End PBXBuildFile section */

/* Begin PBXContainerItemProxy section */
		12F6F9BF295446C90041153E /* PBXContainerItemProxy */ = {
			isa = PBXContainerItemProxy;
			containerPortal = 12F6F99B295446C60041153E /* Project object */;
			proxyType = 1;
			remoteGlobalIDString = 12F6F9A2295446C60041153E;
			remoteInfo = AVPlayerDemo;
		};
		12F6F9C9295446C90041153E /* PBXContainerItemProxy */ = {
			isa = PBXContainerItemProxy;
			containerPortal = 12F6F99B295446C60041153E /* Project object */;
			proxyType = 1;
			remoteGlobalIDString = 12F6F9A2295446C60041153E;
			remoteInfo = AVPlayerDemo;
		};
/* End PBXContainerItemProxy section */

/* Begin PBXFileReference section */
		12F6F9A3295446C60041153E /* AVPlayerDemo.app */ = {isa = PBXFileReference; explicitFileType = wrapper.application; includeInIndex = 0; path = AVPlayerDemo.app; sourceTree = BUILT_PRODUCTS_DIR; };
		12F6F9A6295446C60041153E /* AppDelegate.h */ = {isa = PBXFileReference; lastKnownFileType = sourcecode.c.h; path = AppDelegate.h; sourceTree = "<group>"; };
		12F6F9A7295446C60041153E /* AppDelegate.m */ = {isa = PBXFileReference; lastKnownFileType = sourcecode.c.objc; path = AppDelegate.m; sourceTree = "<group>"; };
		12F6F9AC295446C60041153E /* ViewController.h */ = {isa = PBXFileReference; lastKnownFileType = sourcecode.c.h; path = ViewController.h; sourceTree = "<group>"; };
		12F6F9AD295446C60041153E /* ViewController.m */ = {isa = PBXFileReference; lastKnownFileType = sourcecode.c.objc; path = ViewController.m; sourceTree = "<group>"; };
		12F6F9B0295446C70041153E /* Base */ = {isa = PBXFileReference; lastKnownFileType = file.storyboard; name = Base; path = Base.lproj/Main.storyboard; sourceTree = "<group>"; };
		12F6F9B2295446C90041153E /* Assets.xcassets */ = {isa = PBXFileReference; lastKnownFileType = folder.assetcatalog; path = Assets.xcassets; sourceTree = "<group>"; };
		12F6F9B5295446C90041153E /* Base */ = {isa = PBXFileReference; lastKnownFileType = file.storyboard; name = Base; path = Base.lproj/LaunchScreen.storyboard; sourceTree = "<group>"; };
		12F6F9B7295446C90041153E /* Info.plist */ = {isa = PBXFileReference; lastKnownFileType = text.plist.xml; path = Info.plist; sourceTree = "<group>"; };
		12F6F9B8295446C90041153E /* main.m */ = {isa = PBXFileReference; lastKnownFileType = sourcecode.c.objc; path = main.m; sourceTree = "<group>"; };
		12F6F9BE295446C90041153E /* AVPlayerDemoTests.xctest */ = {isa = PBXFileReference; explicitFileType = wrapper.cfbundle; includeInIndex = 0; path = AVPlayerDemoTests.xctest; sourceTree = BUILT_PRODUCTS_DIR; };
		12F6F9C2295446C90041153E /* AVPlayerDemoTests.m */ = {isa = PBXFileReference; lastKnownFileType = sourcecode.c.objc; path = AVPlayerDemoTests.m; sourceTree = "<group>"; };
		12F6F9C8295446C90041153E /* AVPlayerDemoUITests.xctest */ = {isa = PBXFileReference; explicitFileType = wrapper.cfbundle; includeInIndex = 0; path = AVPlayerDemoUITests.xctest; sourceTree = BUILT_PRODUCTS_DIR; };
		12F6F9CC295446C90041153E /* AVPlayerDemoUITests.m */ = {isa = PBXFileReference; lastKnownFileType = sourcecode.c.objc; path = AVPlayerDemoUITests.m; sourceTree = "<group>"; };
		12F6F9CE295446C90041153E /* AVPlayerDemoUITestsLaunchTests.m */ = {isa = PBXFileReference; lastKnownFileType = sourcecode.c.objc; path = AVPlayerDemoUITestsLaunchTests.m; sourceTree = "<group>"; };
		12F6F9DB295446FC0041153E /* AVPlayerViewController.h */ = {isa = PBXFileReference; lastKnownFileType = sourcecode.c.h; path = AVPlayerViewController.h; sourceTree = "<group>"; };
		12F6F9DC295446FC0041153E /* AVPlayerViewController.m */ = {isa = PBXFileReference; lastKnownFileType = sourcecode.c.objc; path = AVPlayerViewController.m; sourceTree = "<group>"; };
		12F6F9DE29544C4E0041153E /* XSVideoView.m */ = {isa = PBXFileReference; fileEncoding = 4; lastKnownFileType = sourcecode.c.objc; path = XSVideoView.m; sourceTree = "<group>"; };
		12F6F9DF29544C4E0041153E /* XSVideoView.h */ = {isa = PBXFileReference; fileEncoding = 4; lastKnownFileType = sourcecode.c.h; path = XSVideoView.h; sourceTree = "<group>"; };
		12F6F9E229544E910041153E /* MASCompositeConstraint.h */ = {isa = PBXFileReference; fileEncoding = 4; lastKnownFileType = sourcecode.c.h; path = MASCompositeConstraint.h; sourceTree = "<group>"; };
		12F6F9E329544E910041153E /* NSLayoutConstraint+MASDebugAdditions.m */ = {isa = PBXFileReference; fileEncoding = 4; lastKnownFileType = sourcecode.c.objc; path = "NSLayoutConstraint+MASDebugAdditions.m"; sourceTree = "<group>"; };
		12F6F9E429544E910041153E /* MASConstraint+Private.h */ = {isa = PBXFileReference; fileEncoding = 4; lastKnownFileType = sourcecode.c.h; path = "MASConstraint+Private.h"; sourceTree = "<group>"; };
		12F6F9E529544E910041153E /* MASLayoutConstraint.h */ = {isa = PBXFileReference; fileEncoding = 4; lastKnownFileType = sourcecode.c.h; path = MASLayoutConstraint.h; sourceTree = "<group>"; };
		12F6F9E629544E910041153E /* NSArray+MASShorthandAdditions.h */ = {isa = PBXFileReference; fileEncoding = 4; lastKnownFileType = sourcecode.c.h; path = "NSArray+MASShorthandAdditions.h"; sourceTree = "<group>"; };
		12F6F9E729544E910041153E /* MASConstraintMaker.h */ = {isa = PBXFileReference; fileEncoding = 4; lastKnownFileType = sourcecode.c.h; path = MASConstraintMaker.h; sourceTree = "<group>"; };
		12F6F9E829544E910041153E /* View+MASAdditions.h */ = {isa = PBXFileReference; fileEncoding = 4; lastKnownFileType = sourcecode.c.h; path = "View+MASAdditions.h"; sourceTree = "<group>"; };
		12F6F9E929544E910041153E /* NSArray+MASAdditions.h */ = {isa = PBXFileReference; fileEncoding = 4; lastKnownFileType = sourcecode.c.h; path = "NSArray+MASAdditions.h"; sourceTree = "<group>"; };
		12F6F9EA29544E910041153E /* MASUtilities.h */ = {isa = PBXFileReference; fileEncoding = 4; lastKnownFileType = sourcecode.c.h; path = MASUtilities.h; sourceTree = "<group>"; };
		12F6F9EB29544E910041153E /* MASViewAttribute.h */ = {isa = PBXFileReference; fileEncoding = 4; lastKnownFileType = sourcecode.c.h; path = MASViewAttribute.h; sourceTree = "<group>"; };
		12F6F9EC29544E910041153E /* ViewController+MASAdditions.m */ = {isa = PBXFileReference; fileEncoding = 4; lastKnownFileType = sourcecode.c.objc; path = "ViewController+MASAdditions.m"; sourceTree = "<group>"; };
		12F6F9ED29544E910041153E /* MASViewConstraint.h */ = {isa = PBXFileReference; fileEncoding = 4; lastKnownFileType = sourcecode.c.h; path = MASViewConstraint.h; sourceTree = "<group>"; };
		12F6F9EE29544E910041153E /* MASConstraint.h */ = {isa = PBXFileReference; fileEncoding = 4; lastKnownFileType = sourcecode.c.h; path = MASConstraint.h; sourceTree = "<group>"; };
		12F6F9EF29544E910041153E /* NSLayoutConstraint+MASDebugAdditions.h */ = {isa = PBXFileReference; fileEncoding = 4; lastKnownFileType = sourcecode.c.h; path = "NSLayoutConstraint+MASDebugAdditions.h"; sourceTree = "<group>"; };
		12F6F9F029544E910041153E /* MASCompositeConstraint.m */ = {isa = PBXFileReference; fileEncoding = 4; lastKnownFileType = sourcecode.c.objc; path = MASCompositeConstraint.m; sourceTree = "<group>"; };
		12F6F9F129544E910041153E /* MASConstraintMaker.m */ = {isa = PBXFileReference; fileEncoding = 4; lastKnownFileType = sourcecode.c.objc; path = MASConstraintMaker.m; sourceTree = "<group>"; };
		12F6F9F229544E910041153E /* MASLayoutConstraint.m */ = {isa = PBXFileReference; fileEncoding = 4; lastKnownFileType = sourcecode.c.objc; path = MASLayoutConstraint.m; sourceTree = "<group>"; };
		12F6F9F329544E910041153E /* NSArray+MASAdditions.m */ = {isa = PBXFileReference; fileEncoding = 4; lastKnownFileType = sourcecode.c.objc; path = "NSArray+MASAdditions.m"; sourceTree = "<group>"; };
		12F6F9F429544E910041153E /* View+MASAdditions.m */ = {isa = PBXFileReference; fileEncoding = 4; lastKnownFileType = sourcecode.c.objc; path = "View+MASAdditions.m"; sourceTree = "<group>"; };
		12F6F9F529544E910041153E /* View+MASShorthandAdditions.h */ = {isa = PBXFileReference; fileEncoding = 4; lastKnownFileType = sourcecode.c.h; path = "View+MASShorthandAdditions.h"; sourceTree = "<group>"; };
		12F6F9F629544E910041153E /* Masonry.h */ = {isa = PBXFileReference; fileEncoding = 4; lastKnownFileType = sourcecode.c.h; path = Masonry.h; sourceTree = "<group>"; };
		12F6F9F729544E910041153E /* MASConstraint.m */ = {isa = PBXFileReference; fileEncoding = 4; lastKnownFileType = sourcecode.c.objc; path = MASConstraint.m; sourceTree = "<group>"; };
		12F6F9F829544E910041153E /* ViewController+MASAdditions.h */ = {isa = PBXFileReference; fileEncoding = 4; lastKnownFileType = sourcecode.c.h; path = "ViewController+MASAdditions.h"; sourceTree = "<group>"; };
		12F6F9F929544E910041153E /* MASViewConstraint.m */ = {isa = PBXFileReference; fileEncoding = 4; lastKnownFileType = sourcecode.c.objc; path = MASViewConstraint.m; sourceTree = "<group>"; };
		12F6F9FA29544E910041153E /* MASViewAttribute.m */ = {isa = PBXFileReference; fileEncoding = 4; lastKnownFileType = sourcecode.c.objc; path = MASViewAttribute.m; sourceTree = "<group>"; };
		12F6FA0529545C260041153E /* PlayerDemoViewController.h */ = {isa = PBXFileReference; lastKnownFileType = sourcecode.c.h; path = PlayerDemoViewController.h; sourceTree = "<group>"; };
		12F6FA0629545C260041153E /* PlayerDemoViewController.m */ = {isa = PBXFileReference; lastKnownFileType = sourcecode.c.objc; path = PlayerDemoViewController.m; sourceTree = "<group>"; };
		12F6FA08295544890041153E /* chenyifaer.mp4 */ = {isa = PBXFileReference; lastKnownFileType = file; path = chenyifaer.mp4; sourceTree = "<group>"; };
		12F6FA0A295544F50041153E /* AudioViewController.h */ = {isa = PBXFileReference; lastKnownFileType = sourcecode.c.h; path = AudioViewController.h; sourceTree = "<group>"; };
		12F6FA0B295544F50041153E /* AudioViewController.m */ = {isa = PBXFileReference; lastKnownFileType = sourcecode.c.objc; path = AudioViewController.m; sourceTree = "<group>"; };
		12F6FA0D295547650041153E /* fm0.mp3 */ = {isa = PBXFileReference; lastKnownFileType = audio.mp3; path = fm0.mp3; sourceTree = "<group>"; };
		12F6FA0E295547650041153E /* fm1.caf */ = {isa = PBXFileReference; lastKnownFileType = file; path = fm1.caf; sourceTree = "<group>"; };
		12F6FA11295561820041153E /* Ice.mp3 */ = {isa = PBXFileReference; lastKnownFileType = audio.mp3; path = Ice.mp3; sourceTree = "<group>"; };
/* End PBXFileReference section */

/* Begin PBXFrameworksBuildPhase section */
		12F6F9A0295446C60041153E /* Frameworks */ = {
			isa = PBXFrameworksBuildPhase;
			buildActionMask = 2147483647;
			files = (
			);
			runOnlyForDeploymentPostprocessing = 0;
		};
		12F6F9BB295446C90041153E /* Frameworks */ = {
			isa = PBXFrameworksBuildPhase;
			buildActionMask = 2147483647;
			files = (
			);
			runOnlyForDeploymentPostprocessing = 0;
		};
		12F6F9C5295446C90041153E /* Frameworks */ = {
			isa = PBXFrameworksBuildPhase;
			buildActionMask = 2147483647;
			files = (
			);
			runOnlyForDeploymentPostprocessing = 0;
		};
/* End PBXFrameworksBuildPhase section */

/* Begin PBXGroup section */
		12F6F99A295446C60041153E = {
			isa = PBXGroup;
			children = (
				12F6F9A5295446C60041153E /* AVPlayerDemo */,
				12F6F9C1295446C90041153E /* AVPlayerDemoTests */,
				12F6F9CB295446C90041153E /* AVPlayerDemoUITests */,
				12F6F9A4295446C60041153E /* Products */,
			);
			sourceTree = "<group>";
		};
		12F6F9A4295446C60041153E /* Products */ = {
			isa = PBXGroup;
			children = (
				12F6F9A3295446C60041153E /* AVPlayerDemo.app */,
				12F6F9BE295446C90041153E /* AVPlayerDemoTests.xctest */,
				12F6F9C8295446C90041153E /* AVPlayerDemoUITests.xctest */,
			);
			name = Products;
			sourceTree = "<group>";
		};
		12F6F9A5295446C60041153E /* AVPlayerDemo */ = {
			isa = PBXGroup;
			children = (
				12F6F9E129544E910041153E /* Masonry */,
				12F6F9A6295446C60041153E /* AppDelegate.h */,
				12F6F9A7295446C60041153E /* AppDelegate.m */,
				12F6FA08295544890041153E /* chenyifaer.mp4 */,
				12F6FA0D295547650041153E /* fm0.mp3 */,
				12F6FA0E295547650041153E /* fm1.caf */,
				12F6FA11295561820041153E /* Ice.mp3 */,
				12F6F9AC295446C60041153E /* ViewController.h */,
				12F6F9AD295446C60041153E /* ViewController.m */,
				12F6FA0529545C260041153E /* PlayerDemoViewController.h */,
				12F6FA0629545C260041153E /* PlayerDemoViewController.m */,
				12F6F9DF29544C4E0041153E /* XSVideoView.h */,
				12F6F9DE29544C4E0041153E /* XSVideoView.m */,
				12F6F9DB295446FC0041153E /* AVPlayerViewController.h */,
				12F6F9DC295446FC0041153E /* AVPlayerViewController.m */,
				12F6FA0A295544F50041153E /* AudioViewController.h */,
				12F6FA0B295544F50041153E /* AudioViewController.m */,
				12F6F9AF295446C70041153E /* Main.storyboard */,
				12F6F9B2295446C90041153E /* Assets.xcassets */,
				12F6F9B4295446C90041153E /* LaunchScreen.storyboard */,
				12F6F9B7295446C90041153E /* Info.plist */,
				12F6F9B8295446C90041153E /* main.m */,
			);
			path = AVPlayerDemo;
			sourceTree = "<group>";
		};
		12F6F9C1295446C90041153E /* AVPlayerDemoTests */ = {
			isa = PBXGroup;
			children = (
				12F6F9C2295446C90041153E /* AVPlayerDemoTests.m */,
			);
			path = AVPlayerDemoTests;
			sourceTree = "<group>";
		};
		12F6F9CB295446C90041153E /* AVPlayerDemoUITests */ = {
			isa = PBXGroup;
			children = (
				12F6F9CC295446C90041153E /* AVPlayerDemoUITests.m */,
				12F6F9CE295446C90041153E /* AVPlayerDemoUITestsLaunchTests.m */,
			);
			path = AVPlayerDemoUITests;
			sourceTree = "<group>";
		};
		12F6F9E129544E910041153E /* Masonry */ = {
			isa = PBXGroup;
			children = (
				12F6F9E229544E910041153E /* MASCompositeConstraint.h */,
				12F6F9E329544E910041153E /* NSLayoutConstraint+MASDebugAdditions.m */,
				12F6F9E429544E910041153E /* MASConstraint+Private.h */,
				12F6F9E529544E910041153E /* MASLayoutConstraint.h */,
				12F6F9E629544E910041153E /* NSArray+MASShorthandAdditions.h */,
				12F6F9E729544E910041153E /* MASConstraintMaker.h */,
				12F6F9E829544E910041153E /* View+MASAdditions.h */,
				12F6F9E929544E910041153E /* NSArray+MASAdditions.h */,
				12F6F9EA29544E910041153E /* MASUtilities.h */,
				12F6F9EB29544E910041153E /* MASViewAttribute.h */,
				12F6F9EC29544E910041153E /* ViewController+MASAdditions.m */,
				12F6F9ED29544E910041153E /* MASViewConstraint.h */,
				12F6F9EE29544E910041153E /* MASConstraint.h */,
				12F6F9EF29544E910041153E /* NSLayoutConstraint+MASDebugAdditions.h */,
				12F6F9F029544E910041153E /* MASCompositeConstraint.m */,
				12F6F9F129544E910041153E /* MASConstraintMaker.m */,
				12F6F9F229544E910041153E /* MASLayoutConstraint.m */,
				12F6F9F329544E910041153E /* NSArray+MASAdditions.m */,
				12F6F9F429544E910041153E /* View+MASAdditions.m */,
				12F6F9F529544E910041153E /* View+MASShorthandAdditions.h */,
				12F6F9F629544E910041153E /* Masonry.h */,
				12F6F9F729544E910041153E /* MASConstraint.m */,
				12F6F9F829544E910041153E /* ViewController+MASAdditions.h */,
				12F6F9F929544E910041153E /* MASViewConstraint.m */,
				12F6F9FA29544E910041153E /* MASViewAttribute.m */,
			);
			path = Masonry;
			sourceTree = "<group>";
		};
/* End PBXGroup section */

/* Begin PBXNativeTarget section */
		12F6F9A2295446C60041153E /* AVPlayerDemo */ = {
			isa = PBXNativeTarget;
			buildConfigurationList = 12F6F9D2295446C90041153E /* Build configuration list for PBXNativeTarget "AVPlayerDemo" */;
			buildPhases = (
				12F6F99F295446C60041153E /* Sources */,
				12F6F9A0295446C60041153E /* Frameworks */,
				12F6F9A1295446C60041153E /* Resources */,
			);
			buildRules = (
			);
			dependencies = (
			);
			name = AVPlayerDemo;
			productName = AVPlayerDemo;
			productReference = 12F6F9A3295446C60041153E /* AVPlayerDemo.app */;
			productType = "com.apple.product-type.application";
		};
		12F6F9BD295446C90041153E /* AVPlayerDemoTests */ = {
			isa = PBXNativeTarget;
			buildConfigurationList = 12F6F9D5295446C90041153E /* Build configuration list for PBXNativeTarget "AVPlayerDemoTests" */;
			buildPhases = (
				12F6F9BA295446C90041153E /* Sources */,
				12F6F9BB295446C90041153E /* Frameworks */,
				12F6F9BC295446C90041153E /* Resources */,
			);
			buildRules = (
			);
			dependencies = (
				12F6F9C0295446C90041153E /* PBXTargetDependency */,
			);
			name = AVPlayerDemoTests;
			productName = AVPlayerDemoTests;
			productReference = 12F6F9BE295446C90041153E /* AVPlayerDemoTests.xctest */;
			productType = "com.apple.product-type.bundle.unit-test";
		};
		12F6F9C7295446C90041153E /* AVPlayerDemoUITests */ = {
			isa = PBXNativeTarget;
			buildConfigurationList = 12F6F9D8295446C90041153E /* Build configuration list for PBXNativeTarget "AVPlayerDemoUITests" */;
			buildPhases = (
				12F6F9C4295446C90041153E /* Sources */,
				12F6F9C5295446C90041153E /* Frameworks */,
				12F6F9C6295446C90041153E /* Resources */,
			);
			buildRules = (
			);
			dependencies = (
				12F6F9CA295446C90041153E /* PBXTargetDependency */,
			);
			name = AVPlayerDemoUITests;
			productName = AVPlayerDemoUITests;
			productReference = 12F6F9C8295446C90041153E /* AVPlayerDemoUITests.xctest */;
			productType = "com.apple.product-type.bundle.ui-testing";
		};
/* End PBXNativeTarget section */

/* Begin PBXProject section */
		12F6F99B295446C60041153E /* Project object */ = {
			isa = PBXProject;
			attributes = {
				BuildIndependentTargetsInParallel = 1;
				LastUpgradeCheck = 1400;
				TargetAttributes = {
					12F6F9A2295446C60041153E = {
						CreatedOnToolsVersion = 14.0;
					};
					12F6F9BD295446C90041153E = {
						CreatedOnToolsVersion = 14.0;
						TestTargetID = 12F6F9A2295446C60041153E;
					};
					12F6F9C7295446C90041153E = {
						CreatedOnToolsVersion = 14.0;
						TestTargetID = 12F6F9A2295446C60041153E;
					};
				};
			};
			buildConfigurationList = 12F6F99E295446C60041153E /* Build configuration list for PBXProject "AVPlayerDemo" */;
			compatibilityVersion = "Xcode 14.0";
			developmentRegion = en;
			hasScannedForEncodings = 0;
			knownRegions = (
				en,
				Base,
			);
			mainGroup = 12F6F99A295446C60041153E;
			productRefGroup = 12F6F9A4295446C60041153E /* Products */;
			projectDirPath = "";
			projectRoot = "";
			targets = (
				12F6F9A2295446C60041153E /* AVPlayerDemo */,
				12F6F9BD295446C90041153E /* AVPlayerDemoTests */,
				12F6F9C7295446C90041153E /* AVPlayerDemoUITests */,
			);
		};
/* End PBXProject section */

/* Begin PBXResourcesBuildPhase section */
		12F6F9A1295446C60041153E /* Resources */ = {
			isa = PBXResourcesBuildPhase;
			buildActionMask = 2147483647;
			files = (
				12F6FA0F295547650041153E /* fm0.mp3 in Resources */,
				12F6FA12295561820041153E /* Ice.mp3 in Resources */,
				12F6F9B6295446C90041153E /* LaunchScreen.storyboard in Resources */,
				12F6F9B3295446C90041153E /* Assets.xcassets in Resources */,
				12F6FA10295547650041153E /* fm1.caf in Resources */,
				12F6F9B1295446C70041153E /* Main.storyboard in Resources */,
				12F6FA09295544890041153E /* chenyifaer.mp4 in Resources */,
			);
			runOnlyForDeploymentPostprocessing = 0;
		};
		12F6F9BC295446C90041153E /* Resources */ = {
			isa = PBXResourcesBuildPhase;
			buildActionMask = 2147483647;
			files = (
			);
			runOnlyForDeploymentPostprocessing = 0;
		};
		12F6F9C6295446C90041153E /* Resources */ = {
			isa = PBXResourcesBuildPhase;
			buildActionMask = 2147483647;
			files = (
			);
			runOnlyForDeploymentPostprocessing = 0;
		};
/* End PBXResourcesBuildPhase section */

/* Begin PBXSourcesBuildPhase section */
		12F6F99F295446C60041153E /* Sources */ = {
			isa = PBXSourcesBuildPhase;
			buildActionMask = 2147483647;
			files = (
				12F6FA0329544E910041153E /* MASViewConstraint.m in Sources */,
				12F6F9DD295446FC0041153E /* AVPlayerViewController.m in Sources */,
				12F6F9FE29544E910041153E /* MASConstraintMaker.m in Sources */,
				12F6F9E029544C4E0041153E /* XSVideoView.m in Sources */,
				12F6F9FC29544E910041153E /* ViewController+MASAdditions.m in Sources */,
				12F6F9FB29544E910041153E /* NSLayoutConstraint+MASDebugAdditions.m in Sources */,
				12F6FA0729545C260041153E /* PlayerDemoViewController.m in Sources */,
				12F6FA0C295544F50041153E /* AudioViewController.m in Sources */,
				12F6F9FD29544E910041153E /* MASCompositeConstraint.m in Sources */,
				12F6F9AE295446C60041153E /* ViewController.m in Sources */,
				12F6F9FF29544E910041153E /* MASLayoutConstraint.m in Sources */,
				12F6FA0129544E910041153E /* View+MASAdditions.m in Sources */,
				12F6FA0029544E910041153E /* NSArray+MASAdditions.m in Sources */,
				12F6F9A8295446C60041153E /* AppDelegate.m in Sources */,
				12F6F9B9295446C90041153E /* main.m in Sources */,
				12F6FA0429544E910041153E /* MASViewAttribute.m in Sources */,
				12F6FA0229544E910041153E /* MASConstraint.m in Sources */,
			);
			runOnlyForDeploymentPostprocessing = 0;
		};
		12F6F9BA295446C90041153E /* Sources */ = {
			isa = PBXSourcesBuildPhase;
			buildActionMask = 2147483647;
			files = (
				12F6F9C3295446C90041153E /* AVPlayerDemoTests.m in Sources */,
			);
			runOnlyForDeploymentPostprocessing = 0;
		};
		12F6F9C4295446C90041153E /* Sources */ = {
			isa = PBXSourcesBuildPhase;
			buildActionMask = 2147483647;
			files = (
				12F6F9CF295446C90041153E /* AVPlayerDemoUITestsLaunchTests.m in Sources */,
				12F6F9CD295446C90041153E /* AVPlayerDemoUITests.m in Sources */,
			);
			runOnlyForDeploymentPostprocessing = 0;
		};
/* End PBXSourcesBuildPhase section */

/* Begin PBXTargetDependency section */
		12F6F9C0295446C90041153E /* PBXTargetDependency */ = {
			isa = PBXTargetDependency;
			target = 12F6F9A2295446C60041153E /* AVPlayerDemo */;
			targetProxy = 12F6F9BF295446C90041153E /* PBXContainerItemProxy */;
		};
		12F6F9CA295446C90041153E /* PBXTargetDependency */ = {
			isa = PBXTargetDependency;
			target = 12F6F9A2295446C60041153E /* AVPlayerDemo */;
			targetProxy = 12F6F9C9295446C90041153E /* PBXContainerItemProxy */;
		};
/* End PBXTargetDependency section */

/* Begin PBXVariantGroup section */
		12F6F9AF295446C70041153E /* Main.storyboard */ = {
			isa = PBXVariantGroup;
			children = (
				12F6F9B0295446C70041153E /* Base */,
			);
			name = Main.storyboard;
			sourceTree = "<group>";
		};
		12F6F9B4295446C90041153E /* LaunchScreen.storyboard */ = {
			isa = PBXVariantGroup;
			children = (
				12F6F9B5295446C90041153E /* Base */,
			);
			name = LaunchScreen.storyboard;
			sourceTree = "<group>";
		};
/* End PBXVariantGroup section */

/* Begin XCBuildConfiguration section */
		12F6F9D0295446C90041153E /* Debug */ = {
			isa = XCBuildConfiguration;
			buildSettings = {
				ALWAYS_SEARCH_USER_PATHS = NO;
				CLANG_ANALYZER_NONNULL = YES;
				CLANG_ANALYZER_NUMBER_OBJECT_CONVERSION = YES_AGGRESSIVE;
				CLANG_CXX_LANGUAGE_STANDARD = "gnu++20";
				CLANG_ENABLE_MODULES = YES;
				CLANG_ENABLE_OBJC_ARC = YES;
				CLANG_ENABLE_OBJC_WEAK = YES;
				CLANG_WARN_BLOCK_CAPTURE_AUTORELEASING = YES;
				CLANG_WARN_BOOL_CONVERSION = YES;
				CLANG_WARN_COMMA = YES;
				CLANG_WARN_CONSTANT_CONVERSION = YES;
				CLANG_WARN_DEPRECATED_OBJC_IMPLEMENTATIONS = YES;
				CLANG_WARN_DIRECT_OBJC_ISA_USAGE = YES_ERROR;
				CLANG_WARN_DOCUMENTATION_COMMENTS = YES;
				CLANG_WARN_EMPTY_BODY = YES;
				CLANG_WARN_ENUM_CONVERSION = YES;
				CLANG_WARN_INFINITE_RECURSION = YES;
				CLANG_WARN_INT_CONVERSION = YES;
				CLANG_WARN_NON_LITERAL_NULL_CONVERSION = YES;
				CLANG_WARN_OBJC_IMPLICIT_RETAIN_SELF = YES;
				CLANG_WARN_OBJC_LITERAL_CONVERSION = YES;
				CLANG_WARN_OBJC_ROOT_CLASS = YES_ERROR;
				CLANG_WARN_QUOTED_INCLUDE_IN_FRAMEWORK_HEADER = YES;
				CLANG_WARN_RANGE_LOOP_ANALYSIS = YES;
				CLANG_WARN_STRICT_PROTOTYPES = YES;
				CLANG_WARN_SUSPICIOUS_MOVE = YES;
				CLANG_WARN_UNGUARDED_AVAILABILITY = YES_AGGRESSIVE;
				CLANG_WARN_UNREACHABLE_CODE = YES;
				CLANG_WARN__DUPLICATE_METHOD_MATCH = YES;
				COPY_PHASE_STRIP = NO;
				DEBUG_INFORMATION_FORMAT = dwarf;
				ENABLE_STRICT_OBJC_MSGSEND = YES;
				ENABLE_TESTABILITY = YES;
				GCC_C_LANGUAGE_STANDARD = gnu11;
				GCC_DYNAMIC_NO_PIC = NO;
				GCC_NO_COMMON_BLOCKS = YES;
				GCC_OPTIMIZATION_LEVEL = 0;
				GCC_PREPROCESSOR_DEFINITIONS = (
					"DEBUG=1",
					"$(inherited)",
				);
				GCC_WARN_64_TO_32_BIT_CONVERSION = YES;
				GCC_WARN_ABOUT_RETURN_TYPE = YES_ERROR;
				GCC_WARN_UNDECLARED_SELECTOR = YES;
				GCC_WARN_UNINITIALIZED_AUTOS = YES_AGGRESSIVE;
				GCC_WARN_UNUSED_FUNCTION = YES;
				GCC_WARN_UNUSED_VARIABLE = YES;
				IPHONEOS_DEPLOYMENT_TARGET = 16.0;
				MTL_ENABLE_DEBUG_INFO = INCLUDE_SOURCE;
				MTL_FAST_MATH = YES;
				ONLY_ACTIVE_ARCH = YES;
				SDKROOT = iphoneos;
			};
			name = Debug;
		};
		12F6F9D1295446C90041153E /* Release */ = {
			isa = XCBuildConfiguration;
			buildSettings = {
				ALWAYS_SEARCH_USER_PATHS = NO;
				CLANG_ANALYZER_NONNULL = YES;
				CLANG_ANALYZER_NUMBER_OBJECT_CONVERSION = YES_AGGRESSIVE;
				CLANG_CXX_LANGUAGE_STANDARD = "gnu++20";
				CLANG_ENABLE_MODULES = YES;
				CLANG_ENABLE_OBJC_ARC = YES;
				CLANG_ENABLE_OBJC_WEAK = YES;
				CLANG_WARN_BLOCK_CAPTURE_AUTORELEASING = YES;
				CLANG_WARN_BOOL_CONVERSION = YES;
				CLANG_WARN_COMMA = YES;
				CLANG_WARN_CONSTANT_CONVERSION = YES;
				CLANG_WARN_DEPRECATED_OBJC_IMPLEMENTATIONS = YES;
				CLANG_WARN_DIRECT_OBJC_ISA_USAGE = YES_ERROR;
				CLANG_WARN_DOCUMENTATION_COMMENTS = YES;
				CLANG_WARN_EMPTY_BODY = YES;
				CLANG_WARN_ENUM_CONVERSION = YES;
				CLANG_WARN_INFINITE_RECURSION = YES;
				CLANG_WARN_INT_CONVERSION = YES;
				CLANG_WARN_NON_LITERAL_NULL_CONVERSION = YES;
				CLANG_WARN_OBJC_IMPLICIT_RETAIN_SELF = YES;
				CLANG_WARN_OBJC_LITERAL_CONVERSION = YES;
				CLANG_WARN_OBJC_ROOT_CLASS = YES_ERROR;
				CLANG_WARN_QUOTED_INCLUDE_IN_FRAMEWORK_HEADER = YES;
				CLANG_WARN_RANGE_LOOP_ANALYSIS = YES;
				CLANG_WARN_STRICT_PROTOTYPES = YES;
				CLANG_WARN_SUSPICIOUS_MOVE = YES;
				CLANG_WARN_UNGUARDED_AVAILABILITY = YES_AGGRESSIVE;
				CLANG_WARN_UNREACHABLE_CODE = YES;
				CLANG_WARN__DUPLICATE_METHOD_MATCH = YES;
				COPY_PHASE_STRIP = NO;
				DEBUG_INFORMATION_FORMAT = "dwarf-with-dsym";
				ENABLE_NS_ASSERTIONS = NO;
				ENABLE_STRICT_OBJC_MSGSEND = YES;
				GCC_C_LANGUAGE_STANDARD = gnu11;
				GCC_NO_COMMON_BLOCKS = YES;
				GCC_WARN_64_TO_32_BIT_CONVERSION = YES;
				GCC_WARN_ABOUT_RETURN_TYPE = YES_ERROR;
				GCC_WARN_UNDECLARED_SELECTOR = YES;
				GCC_WARN_UNINITIALIZED_AUTOS = YES_AGGRESSIVE;
				GCC_WARN_UNUSED_FUNCTION = YES;
				GCC_WARN_UNUSED_VARIABLE = YES;
				IPHONEOS_DEPLOYMENT_TARGET = 16.0;
				MTL_ENABLE_DEBUG_INFO = NO;
				MTL_FAST_MATH = YES;
				SDKROOT = iphoneos;
				VALIDATE_PRODUCT = YES;
			};
			name = Release;
		};
		12F6F9D3295446C90041153E /* Debug */ = {
			isa = XCBuildConfiguration;
			buildSettings = {
				ASSETCATALOG_COMPILER_APPICON_NAME = AppIcon;
				ASSETCATALOG_COMPILER_GLOBAL_ACCENT_COLOR_NAME = AccentColor;
				CODE_SIGN_STYLE = Automatic;
				CURRENT_PROJECT_VERSION = 1;
				DEVELOPMENT_TEAM = FZD29TPX2F;
				GENERATE_INFOPLIST_FILE = YES;
				INFOPLIST_FILE = AVPlayerDemo/Info.plist;
				INFOPLIST_KEY_UIApplicationSupportsIndirectInputEvents = YES;
				INFOPLIST_KEY_UILaunchStoryboardName = LaunchScreen;
				INFOPLIST_KEY_UIMainStoryboardFile = Main;
				INFOPLIST_KEY_UISupportedInterfaceOrientations_iPad = "UIInterfaceOrientationPortrait UIInterfaceOrientationPortraitUpsideDown UIInterfaceOrientationLandscapeLeft UIInterfaceOrientationLandscapeRight";
				INFOPLIST_KEY_UISupportedInterfaceOrientations_iPhone = "UIInterfaceOrientationPortrait UIInterfaceOrientationLandscapeLeft UIInterfaceOrientationLandscapeRight";
				LD_RUNPATH_SEARCH_PATHS = (
					"$(inherited)",
					"@executable_path/Frameworks",
				);
				MARKETING_VERSION = 1.0;
				PRODUCT_BUNDLE_IDENTIFIER = com.xsdemo.AVPlayerDemo;
				PRODUCT_NAME = "$(TARGET_NAME)";
				SWIFT_EMIT_LOC_STRINGS = YES;
				TARGETED_DEVICE_FAMILY = "1,2";
			};
			name = Debug;
		};
		12F6F9D4295446C90041153E /* Release */ = {
			isa = XCBuildConfiguration;
			buildSettings = {
				ASSETCATALOG_COMPILER_APPICON_NAME = AppIcon;
				ASSETCATALOG_COMPILER_GLOBAL_ACCENT_COLOR_NAME = AccentColor;
				CODE_SIGN_STYLE = Automatic;
				CURRENT_PROJECT_VERSION = 1;
				DEVELOPMENT_TEAM = FZD29TPX2F;
				GENERATE_INFOPLIST_FILE = YES;
				INFOPLIST_FILE = AVPlayerDemo/Info.plist;
				INFOPLIST_KEY_UIApplicationSupportsIndirectInputEvents = YES;
				INFOPLIST_KEY_UILaunchStoryboardName = LaunchScreen;
				INFOPLIST_KEY_UIMainStoryboardFile = Main;
				INFOPLIST_KEY_UISupportedInterfaceOrientations_iPad = "UIInterfaceOrientationPortrait UIInterfaceOrientationPortraitUpsideDown UIInterfaceOrientationLandscapeLeft UIInterfaceOrientationLandscapeRight";
				INFOPLIST_KEY_UISupportedInterfaceOrientations_iPhone = "UIInterfaceOrientationPortrait UIInterfaceOrientationLandscapeLeft UIInterfaceOrientationLandscapeRight";
				LD_RUNPATH_SEARCH_PATHS = (
					"$(inherited)",
					"@executable_path/Frameworks",
				);
				MARKETING_VERSION = 1.0;
				PRODUCT_BUNDLE_IDENTIFIER = com.xsdemo.AVPlayerDemo;
				PRODUCT_NAME = "$(TARGET_NAME)";
				SWIFT_EMIT_LOC_STRINGS = YES;
				TARGETED_DEVICE_FAMILY = "1,2";
			};
			name = Release;
		};
		12F6F9D6295446C90041153E /* Debug */ = {
			isa = XCBuildConfiguration;
			buildSettings = {
				BUNDLE_LOADER = "$(TEST_HOST)";
				CODE_SIGN_STYLE = Automatic;
				CURRENT_PROJECT_VERSION = 1;
				DEVELOPMENT_TEAM = FZD29TPX2F;
				GENERATE_INFOPLIST_FILE = YES;
				IPHONEOS_DEPLOYMENT_TARGET = 16.0;
				MARKETING_VERSION = 1.0;
				PRODUCT_BUNDLE_IDENTIFIER = com.xsdemo.AVPlayerDemoTests;
				PRODUCT_NAME = "$(TARGET_NAME)";
				SWIFT_EMIT_LOC_STRINGS = NO;
				TARGETED_DEVICE_FAMILY = "1,2";
				TEST_HOST = "$(BUILT_PRODUCTS_DIR)/AVPlayerDemo.app/$(BUNDLE_EXECUTABLE_FOLDER_PATH)/AVPlayerDemo";
			};
			name = Debug;
		};
		12F6F9D7295446C90041153E /* Release */ = {
			isa = XCBuildConfiguration;
			buildSettings = {
				BUNDLE_LOADER = "$(TEST_HOST)";
				CODE_SIGN_STYLE = Automatic;
				CURRENT_PROJECT_VERSION = 1;
				DEVELOPMENT_TEAM = FZD29TPX2F;
				GENERATE_INFOPLIST_FILE = YES;
				IPHONEOS_DEPLOYMENT_TARGET = 16.0;
				MARKETING_VERSION = 1.0;
				PRODUCT_BUNDLE_IDENTIFIER = com.xsdemo.AVPlayerDemoTests;
				PRODUCT_NAME = "$(TARGET_NAME)";
				SWIFT_EMIT_LOC_STRINGS = NO;
				TARGETED_DEVICE_FAMILY = "1,2";
				TEST_HOST = "$(BUILT_PRODUCTS_DIR)/AVPlayerDemo.app/$(BUNDLE_EXECUTABLE_FOLDER_PATH)/AVPlayerDemo";
			};
			name = Release;
		};
		12F6F9D9295446C90041153E /* Debug */ = {
			isa = XCBuildConfiguration;
			buildSettings = {
				CODE_SIGN_STYLE = Automatic;
				CURRENT_PROJECT_VERSION = 1;
				DEVELOPMENT_TEAM = FZD29TPX2F;
				GENERATE_INFOPLIST_FILE = YES;
				MARKETING_VERSION = 1.0;
				PRODUCT_BUNDLE_IDENTIFIER = com.xsdemo.AVPlayerDemoUITests;
				PRODUCT_NAME = "$(TARGET_NAME)";
				SWIFT_EMIT_LOC_STRINGS = NO;
				TARGETED_DEVICE_FAMILY = "1,2";
				TEST_TARGET_NAME = AVPlayerDemo;
			};
			name = Debug;
		};
		12F6F9DA295446C90041153E /* Release */ = {
			isa = XCBuildConfiguration;
			buildSettings = {
				CODE_SIGN_STYLE = Automatic;
				CURRENT_PROJECT_VERSION = 1;
				DEVELOPMENT_TEAM = FZD29TPX2F;
				GENERATE_INFOPLIST_FILE = YES;
				MARKETING_VERSION = 1.0;
				PRODUCT_BUNDLE_IDENTIFIER = com.xsdemo.AVPlayerDemoUITests;
				PRODUCT_NAME = "$(TARGET_NAME)";
				SWIFT_EMIT_LOC_STRINGS = NO;
				TARGETED_DEVICE_FAMILY = "1,2";
				TEST_TARGET_NAME = AVPlayerDemo;
			};
			name = Release;
		};
/* End XCBuildConfiguration section */

/* Begin XCConfigurationList section */
		12F6F99E295446C60041153E /* Build configuration list for PBXProject "AVPlayerDemo" */ = {
			isa = XCConfigurationList;
			buildConfigurations = (
				12F6F9D0295446C90041153E /* Debug */,
				12F6F9D1295446C90041153E /* Release */,
			);
			defaultConfigurationIsVisible = 0;
			defaultConfigurationName = Release;
		};
		12F6F9D2295446C90041153E /* Build configuration list for PBXNativeTarget "AVPlayerDemo" */ = {
			isa = XCConfigurationList;
			buildConfigurations = (
				12F6F9D3295446C90041153E /* Debug */,
				12F6F9D4295446C90041153E /* Release */,
			);
			defaultConfigurationIsVisible = 0;
			defaultConfigurationName = Release;
		};
		12F6F9D5295446C90041153E /* Build configuration list for PBXNativeTarget "AVPlayerDemoTests" */ = {
			isa = XCConfigurationList;
			buildConfigurations = (
				12F6F9D6295446C90041153E /* Debug */,
				12F6F9D7295446C90041153E /* Release */,
			);
			defaultConfigurationIsVisible = 0;
			defaultConfigurationName = Release;
		};
		12F6F9D8295446C90041153E /* Build configuration list for PBXNativeTarget "AVPlayerDemoUITests" */ = {
			isa = XCConfigurationList;
			buildConfigurations = (
				12F6F9D9295446C90041153E /* Debug */,
				12F6F9DA295446C90041153E /* Release */,
			);
			defaultConfigurationIsVisible = 0;
			defaultConfigurationName = Release;
		};
/* End XCConfigurationList section */
	};
	rootObject = 12F6F99B295446C60041153E /* Project object */;
}
